{
  "name": "rari-sdk",
  "version": "1.0.0",
  "lockfileVersion": 1,
  "requires": true,
  "dependencies": {
    "@babel/code-frame": {
      "version": "7.14.5",
      "resolved": "https://registry.npmjs.org/@babel/code-frame/-/code-frame-7.14.5.tgz",
      "integrity": "sha512-9pzDqyc6OLDaqe+zbACgFkb6fKMNG6CObKpnYXChRsvYGyEdc7CA2BaqeOM+vOtCS5ndmJicPJhKAwYRI6UfFw==",
      "dev": true,
      "requires": {
        "@babel/highlight": "^7.14.5"
      }
    },
    "@babel/helper-validator-identifier": {
      "version": "7.14.9",
      "resolved": "https://registry.npmjs.org/@babel/helper-validator-identifier/-/helper-validator-identifier-7.14.9.tgz",
      "integrity": "sha512-pQYxPY0UP6IHISRitNe8bsijHex4TWZXi2HwKVsjPiltzlhse2znVcm9Ace510VT1kxIHjGJCZZQBX2gJDbo0g==",
      "dev": true
    },
    "@babel/highlight": {
      "version": "7.14.5",
      "resolved": "https://registry.npmjs.org/@babel/highlight/-/highlight-7.14.5.tgz",
      "integrity": "sha512-qf9u2WFWVV0MppaL877j2dBtQIDgmidgjGk5VIMw3OadXvYaXn66U1BFlH2t4+t3i+8PhedppRv+i40ABzd+gg==",
      "dev": true,
      "requires": {
        "@babel/helper-validator-identifier": "^7.14.5",
        "chalk": "^2.0.0",
        "js-tokens": "^4.0.0"
      }
    },
    "@ethersproject/abi": {
      "version": "5.4.1",
      "resolved": "https://registry.npmjs.org/@ethersproject/abi/-/abi-5.4.1.tgz",
      "integrity": "sha512-9mhbjUk76BiSluiiW4BaYyI58KSbDMMQpCLdsAR+RsT2GyATiNYxVv+pGWRrekmsIdY3I+hOqsYQSTkc8L/mcg==",
      "requires": {
        "@ethersproject/address": "^5.4.0",
        "@ethersproject/bignumber": "^5.4.0",
        "@ethersproject/bytes": "^5.4.0",
        "@ethersproject/constants": "^5.4.0",
        "@ethersproject/hash": "^5.4.0",
        "@ethersproject/keccak256": "^5.4.0",
        "@ethersproject/logger": "^5.4.0",
        "@ethersproject/properties": "^5.4.0",
        "@ethersproject/strings": "^5.4.0"
      }
    },
    "@ethersproject/abstract-provider": {
      "version": "5.4.1",
      "resolved": "https://registry.npmjs.org/@ethersproject/abstract-provider/-/abstract-provider-5.4.1.tgz",
      "integrity": "sha512-3EedfKI3LVpjSKgAxoUaI+gB27frKsxzm+r21w9G60Ugk+3wVLQwhi1LsEJAKNV7WoZc8CIpNrATlL1QFABjtQ==",
      "requires": {
        "@ethersproject/bignumber": "^5.4.0",
        "@ethersproject/bytes": "^5.4.0",
        "@ethersproject/logger": "^5.4.0",
        "@ethersproject/networks": "^5.4.0",
        "@ethersproject/properties": "^5.4.0",
        "@ethersproject/transactions": "^5.4.0",
        "@ethersproject/web": "^5.4.0"
      }
    },
    "@ethersproject/abstract-signer": {
      "version": "5.4.1",
      "resolved": "https://registry.npmjs.org/@ethersproject/abstract-signer/-/abstract-signer-5.4.1.tgz",
      "integrity": "sha512-SkkFL5HVq1k4/25dM+NWP9MILgohJCgGv5xT5AcRruGz4ILpfHeBtO/y6j+Z3UN/PAjDeb4P7E51Yh8wcGNLGA==",
      "requires": {
        "@ethersproject/abstract-provider": "^5.4.0",
        "@ethersproject/bignumber": "^5.4.0",
        "@ethersproject/bytes": "^5.4.0",
        "@ethersproject/logger": "^5.4.0",
        "@ethersproject/properties": "^5.4.0"
      }
    },
    "@ethersproject/address": {
      "version": "5.4.0",
      "resolved": "https://registry.npmjs.org/@ethersproject/address/-/address-5.4.0.tgz",
      "integrity": "sha512-SD0VgOEkcACEG/C6xavlU1Hy3m5DGSXW3CUHkaaEHbAPPsgi0coP5oNPsxau8eTlZOk/bpa/hKeCNoK5IzVI2Q==",
      "requires": {
        "@ethersproject/bignumber": "^5.4.0",
        "@ethersproject/bytes": "^5.4.0",
        "@ethersproject/keccak256": "^5.4.0",
        "@ethersproject/logger": "^5.4.0",
        "@ethersproject/rlp": "^5.4.0"
      }
    },
    "@ethersproject/base64": {
      "version": "5.4.0",
      "resolved": "https://registry.npmjs.org/@ethersproject/base64/-/base64-5.4.0.tgz",
      "integrity": "sha512-CjQw6E17QDSSC5jiM9YpF7N1aSCHmYGMt9bWD8PWv6YPMxjsys2/Q8xLrROKI3IWJ7sFfZ8B3flKDTM5wlWuZQ==",
      "requires": {
        "@ethersproject/bytes": "^5.4.0"
      }
    },
    "@ethersproject/basex": {
      "version": "5.4.0",
      "resolved": "https://registry.npmjs.org/@ethersproject/basex/-/basex-5.4.0.tgz",
      "integrity": "sha512-J07+QCVJ7np2bcpxydFVf/CuYo9mZ7T73Pe7KQY4c1lRlrixMeblauMxHXD0MPwFmUHZIILDNViVkykFBZylbg==",
      "requires": {
        "@ethersproject/bytes": "^5.4.0",
        "@ethersproject/properties": "^5.4.0"
      }
    },
    "@ethersproject/bignumber": {
      "version": "5.4.1",
      "resolved": "https://registry.npmjs.org/@ethersproject/bignumber/-/bignumber-5.4.1.tgz",
      "integrity": "sha512-fJhdxqoQNuDOk6epfM7yD6J8Pol4NUCy1vkaGAkuujZm0+lNow//MKu1hLhRiYV4BsOHyBv5/lsTjF+7hWwhJg==",
      "requires": {
        "@ethersproject/bytes": "^5.4.0",
        "@ethersproject/logger": "^5.4.0",
        "bn.js": "^4.11.9"
      }
    },
    "@ethersproject/bytes": {
      "version": "5.4.0",
      "resolved": "https://registry.npmjs.org/@ethersproject/bytes/-/bytes-5.4.0.tgz",
      "integrity": "sha512-H60ceqgTHbhzOj4uRc/83SCN9d+BSUnOkrr2intevqdtEMO1JFVZ1XL84OEZV+QjV36OaZYxtnt4lGmxcGsPfA==",
      "requires": {
        "@ethersproject/logger": "^5.4.0"
      }
    },
    "@ethersproject/constants": {
      "version": "5.4.0",
      "resolved": "https://registry.npmjs.org/@ethersproject/constants/-/constants-5.4.0.tgz",
      "integrity": "sha512-tzjn6S7sj9+DIIeKTJLjK9WGN2Tj0P++Z8ONEIlZjyoTkBuODN+0VfhAyYksKi43l1Sx9tX2VlFfzjfmr5Wl3Q==",
      "requires": {
        "@ethersproject/bignumber": "^5.4.0"
      }
    },
    "@ethersproject/contracts": {
      "version": "5.4.1",
      "resolved": "https://registry.npmjs.org/@ethersproject/contracts/-/contracts-5.4.1.tgz",
      "integrity": "sha512-m+z2ZgPy4pyR15Je//dUaymRUZq5MtDajF6GwFbGAVmKz/RF+DNIPwF0k5qEcL3wPGVqUjFg2/krlCRVTU4T5w==",
      "requires": {
        "@ethersproject/abi": "^5.4.0",
        "@ethersproject/abstract-provider": "^5.4.0",
        "@ethersproject/abstract-signer": "^5.4.0",
        "@ethersproject/address": "^5.4.0",
        "@ethersproject/bignumber": "^5.4.0",
        "@ethersproject/bytes": "^5.4.0",
        "@ethersproject/constants": "^5.4.0",
        "@ethersproject/logger": "^5.4.0",
        "@ethersproject/properties": "^5.4.0",
        "@ethersproject/transactions": "^5.4.0"
      }
    },
    "@ethersproject/hash": {
      "version": "5.4.0",
      "resolved": "https://registry.npmjs.org/@ethersproject/hash/-/hash-5.4.0.tgz",
      "integrity": "sha512-xymAM9tmikKgbktOCjW60Z5sdouiIIurkZUr9oW5NOex5uwxrbsYG09kb5bMcNjlVeJD3yPivTNzViIs1GCbqA==",
      "requires": {
        "@ethersproject/abstract-signer": "^5.4.0",
        "@ethersproject/address": "^5.4.0",
        "@ethersproject/bignumber": "^5.4.0",
        "@ethersproject/bytes": "^5.4.0",
        "@ethersproject/keccak256": "^5.4.0",
        "@ethersproject/logger": "^5.4.0",
        "@ethersproject/properties": "^5.4.0",
        "@ethersproject/strings": "^5.4.0"
      }
    },
    "@ethersproject/hdnode": {
      "version": "5.4.0",
      "resolved": "https://registry.npmjs.org/@ethersproject/hdnode/-/hdnode-5.4.0.tgz",
      "integrity": "sha512-pKxdS0KAaeVGfZPp1KOiDLB0jba11tG6OP1u11QnYfb7pXn6IZx0xceqWRr6ygke8+Kw74IpOoSi7/DwANhy8Q==",
      "requires": {
        "@ethersproject/abstract-signer": "^5.4.0",
        "@ethersproject/basex": "^5.4.0",
        "@ethersproject/bignumber": "^5.4.0",
        "@ethersproject/bytes": "^5.4.0",
        "@ethersproject/logger": "^5.4.0",
        "@ethersproject/pbkdf2": "^5.4.0",
        "@ethersproject/properties": "^5.4.0",
        "@ethersproject/sha2": "^5.4.0",
        "@ethersproject/signing-key": "^5.4.0",
        "@ethersproject/strings": "^5.4.0",
        "@ethersproject/transactions": "^5.4.0",
        "@ethersproject/wordlists": "^5.4.0"
      }
    },
    "@ethersproject/json-wallets": {
      "version": "5.4.0",
      "resolved": "https://registry.npmjs.org/@ethersproject/json-wallets/-/json-wallets-5.4.0.tgz",
      "integrity": "sha512-igWcu3fx4aiczrzEHwG1xJZo9l1cFfQOWzTqwRw/xcvxTk58q4f9M7cjh51EKphMHvrJtcezJ1gf1q1AUOfEQQ==",
      "requires": {
        "@ethersproject/abstract-signer": "^5.4.0",
        "@ethersproject/address": "^5.4.0",
        "@ethersproject/bytes": "^5.4.0",
        "@ethersproject/hdnode": "^5.4.0",
        "@ethersproject/keccak256": "^5.4.0",
        "@ethersproject/logger": "^5.4.0",
        "@ethersproject/pbkdf2": "^5.4.0",
        "@ethersproject/properties": "^5.4.0",
        "@ethersproject/random": "^5.4.0",
        "@ethersproject/strings": "^5.4.0",
        "@ethersproject/transactions": "^5.4.0",
        "aes-js": "3.0.0",
        "scrypt-js": "3.0.1"
      }
    },
    "@ethersproject/keccak256": {
      "version": "5.4.0",
      "resolved": "https://registry.npmjs.org/@ethersproject/keccak256/-/keccak256-5.4.0.tgz",
      "integrity": "sha512-FBI1plWet+dPUvAzPAeHzRKiPpETQzqSUWR1wXJGHVWi4i8bOSrpC3NwpkPjgeXG7MnugVc1B42VbfnQikyC/A==",
      "requires": {
        "@ethersproject/bytes": "^5.4.0",
        "js-sha3": "0.5.7"
      }
    },
    "@ethersproject/logger": {
      "version": "5.4.1",
      "resolved": "https://registry.npmjs.org/@ethersproject/logger/-/logger-5.4.1.tgz",
      "integrity": "sha512-DZ+bRinnYLPw1yAC64oRl0QyVZj43QeHIhVKfD/+YwSz4wsv1pfwb5SOFjz+r710YEWzU6LrhuSjpSO+6PeE4A=="
    },
    "@ethersproject/networks": {
      "version": "5.4.2",
      "resolved": "https://registry.npmjs.org/@ethersproject/networks/-/networks-5.4.2.tgz",
      "integrity": "sha512-eekOhvJyBnuibfJnhtK46b8HimBc5+4gqpvd1/H9LEl7Q7/qhsIhM81dI9Fcnjpk3jB1aTy6bj0hz3cifhNeYw==",
      "requires": {
        "@ethersproject/logger": "^5.4.0"
      }
    },
    "@ethersproject/pbkdf2": {
      "version": "5.4.0",
      "resolved": "https://registry.npmjs.org/@ethersproject/pbkdf2/-/pbkdf2-5.4.0.tgz",
      "integrity": "sha512-x94aIv6tiA04g6BnazZSLoRXqyusawRyZWlUhKip2jvoLpzJuLb//KtMM6PEovE47pMbW+Qe1uw+68ameJjB7g==",
      "requires": {
        "@ethersproject/bytes": "^5.4.0",
        "@ethersproject/sha2": "^5.4.0"
      }
    },
    "@ethersproject/properties": {
      "version": "5.4.1",
      "resolved": "https://registry.npmjs.org/@ethersproject/properties/-/properties-5.4.1.tgz",
      "integrity": "sha512-cyCGlF8wWlIZyizsj2PpbJ9I7rIlUAfnHYwy/T90pdkSn/NFTa5YWZx2wTJBe9V7dD65dcrrEMisCRUJiq6n3w==",
      "requires": {
        "@ethersproject/logger": "^5.4.0"
      }
    },
    "@ethersproject/providers": {
      "version": "5.4.5",
      "resolved": "https://registry.npmjs.org/@ethersproject/providers/-/providers-5.4.5.tgz",
      "integrity": "sha512-1GkrvkiAw3Fj28cwi1Sqm8ED1RtERtpdXmRfwIBGmqBSN5MoeRUHuwHPppMtbPayPgpFcvD7/Gdc9doO5fGYgw==",
      "requires": {
        "@ethersproject/abstract-provider": "^5.4.0",
        "@ethersproject/abstract-signer": "^5.4.0",
        "@ethersproject/address": "^5.4.0",
        "@ethersproject/basex": "^5.4.0",
        "@ethersproject/bignumber": "^5.4.0",
        "@ethersproject/bytes": "^5.4.0",
        "@ethersproject/constants": "^5.4.0",
        "@ethersproject/hash": "^5.4.0",
        "@ethersproject/logger": "^5.4.0",
        "@ethersproject/networks": "^5.4.0",
        "@ethersproject/properties": "^5.4.0",
        "@ethersproject/random": "^5.4.0",
        "@ethersproject/rlp": "^5.4.0",
        "@ethersproject/sha2": "^5.4.0",
        "@ethersproject/strings": "^5.4.0",
        "@ethersproject/transactions": "^5.4.0",
        "@ethersproject/web": "^5.4.0",
        "bech32": "1.1.4",
        "ws": "7.4.6"
      }
    },
    "@ethersproject/random": {
      "version": "5.4.0",
      "resolved": "https://registry.npmjs.org/@ethersproject/random/-/random-5.4.0.tgz",
      "integrity": "sha512-pnpWNQlf0VAZDEOVp1rsYQosmv2o0ITS/PecNw+mS2/btF8eYdspkN0vIXrCMtkX09EAh9bdk8GoXmFXM1eAKw==",
      "requires": {
        "@ethersproject/bytes": "^5.4.0",
        "@ethersproject/logger": "^5.4.0"
      }
    },
    "@ethersproject/rlp": {
      "version": "5.4.0",
      "resolved": "https://registry.npmjs.org/@ethersproject/rlp/-/rlp-5.4.0.tgz",
      "integrity": "sha512-0I7MZKfi+T5+G8atId9QaQKHRvvasM/kqLyAH4XxBCBchAooH2EX5rL9kYZWwcm3awYV+XC7VF6nLhfeQFKVPg==",
      "requires": {
        "@ethersproject/bytes": "^5.4.0",
        "@ethersproject/logger": "^5.4.0"
      }
    },
    "@ethersproject/sha2": {
      "version": "5.4.0",
      "resolved": "https://registry.npmjs.org/@ethersproject/sha2/-/sha2-5.4.0.tgz",
      "integrity": "sha512-siheo36r1WD7Cy+bDdE1BJ8y0bDtqXCOxRMzPa4bV1TGt/eTUUt03BHoJNB6reWJD8A30E/pdJ8WFkq+/uz4Gg==",
      "requires": {
        "@ethersproject/bytes": "^5.4.0",
        "@ethersproject/logger": "^5.4.0",
        "hash.js": "1.1.7"
      }
    },
    "@ethersproject/signing-key": {
      "version": "5.4.0",
      "resolved": "https://registry.npmjs.org/@ethersproject/signing-key/-/signing-key-5.4.0.tgz",
      "integrity": "sha512-q8POUeywx6AKg2/jX9qBYZIAmKSB4ubGXdQ88l40hmATj29JnG5pp331nAWwwxPn2Qao4JpWHNZsQN+bPiSW9A==",
      "requires": {
        "@ethersproject/bytes": "^5.4.0",
        "@ethersproject/logger": "^5.4.0",
        "@ethersproject/properties": "^5.4.0",
        "bn.js": "^4.11.9",
        "elliptic": "6.5.4",
        "hash.js": "1.1.7"
      }
    },
    "@ethersproject/solidity": {
      "version": "5.4.0",
      "resolved": "https://registry.npmjs.org/@ethersproject/solidity/-/solidity-5.4.0.tgz",
      "integrity": "sha512-XFQTZ7wFSHOhHcV1DpcWj7VXECEiSrBuv7JErJvB9Uo+KfCdc3QtUZV+Vjh/AAaYgezUEKbCtE6Khjm44seevQ==",
      "requires": {
        "@ethersproject/bignumber": "^5.4.0",
        "@ethersproject/bytes": "^5.4.0",
        "@ethersproject/keccak256": "^5.4.0",
        "@ethersproject/sha2": "^5.4.0",
        "@ethersproject/strings": "^5.4.0"
      }
    },
    "@ethersproject/strings": {
      "version": "5.4.0",
      "resolved": "https://registry.npmjs.org/@ethersproject/strings/-/strings-5.4.0.tgz",
      "integrity": "sha512-k/9DkH5UGDhv7aReXLluFG5ExurwtIpUfnDNhQA29w896Dw3i4uDTz01Quaptbks1Uj9kI8wo9tmW73wcIEaWA==",
      "requires": {
        "@ethersproject/bytes": "^5.4.0",
        "@ethersproject/constants": "^5.4.0",
        "@ethersproject/logger": "^5.4.0"
      }
    },
    "@ethersproject/transactions": {
      "version": "5.4.0",
      "resolved": "https://registry.npmjs.org/@ethersproject/transactions/-/transactions-5.4.0.tgz",
      "integrity": "sha512-s3EjZZt7xa4BkLknJZ98QGoIza94rVjaEed0rzZ/jB9WrIuu/1+tjvYCWzVrystXtDswy7TPBeIepyXwSYa4WQ==",
      "requires": {
        "@ethersproject/address": "^5.4.0",
        "@ethersproject/bignumber": "^5.4.0",
        "@ethersproject/bytes": "^5.4.0",
        "@ethersproject/constants": "^5.4.0",
        "@ethersproject/keccak256": "^5.4.0",
        "@ethersproject/logger": "^5.4.0",
        "@ethersproject/properties": "^5.4.0",
        "@ethersproject/rlp": "^5.4.0",
        "@ethersproject/signing-key": "^5.4.0"
      }
    },
    "@ethersproject/units": {
      "version": "5.4.0",
      "resolved": "https://registry.npmjs.org/@ethersproject/units/-/units-5.4.0.tgz",
      "integrity": "sha512-Z88krX40KCp+JqPCP5oPv5p750g+uU6gopDYRTBGcDvOASh6qhiEYCRatuM/suC4S2XW9Zz90QI35MfSrTIaFg==",
      "requires": {
        "@ethersproject/bignumber": "^5.4.0",
        "@ethersproject/constants": "^5.4.0",
        "@ethersproject/logger": "^5.4.0"
      }
    },
    "@ethersproject/wallet": {
      "version": "5.4.0",
      "resolved": "https://registry.npmjs.org/@ethersproject/wallet/-/wallet-5.4.0.tgz",
      "integrity": "sha512-wU29majLjM6AjCjpat21mPPviG+EpK7wY1+jzKD0fg3ui5fgedf2zEu1RDgpfIMsfn8fJHJuzM4zXZ2+hSHaSQ==",
      "requires": {
        "@ethersproject/abstract-provider": "^5.4.0",
        "@ethersproject/abstract-signer": "^5.4.0",
        "@ethersproject/address": "^5.4.0",
        "@ethersproject/bignumber": "^5.4.0",
        "@ethersproject/bytes": "^5.4.0",
        "@ethersproject/hash": "^5.4.0",
        "@ethersproject/hdnode": "^5.4.0",
        "@ethersproject/json-wallets": "^5.4.0",
        "@ethersproject/keccak256": "^5.4.0",
        "@ethersproject/logger": "^5.4.0",
        "@ethersproject/properties": "^5.4.0",
        "@ethersproject/random": "^5.4.0",
        "@ethersproject/signing-key": "^5.4.0",
        "@ethersproject/transactions": "^5.4.0",
        "@ethersproject/wordlists": "^5.4.0"
      }
    },
    "@ethersproject/web": {
      "version": "5.4.0",
      "resolved": "https://registry.npmjs.org/@ethersproject/web/-/web-5.4.0.tgz",
      "integrity": "sha512-1bUusGmcoRLYgMn6c1BLk1tOKUIFuTg8j+6N8lYlbMpDesnle+i3pGSagGNvwjaiLo4Y5gBibwctpPRmjrh4Og==",
      "requires": {
        "@ethersproject/base64": "^5.4.0",
        "@ethersproject/bytes": "^5.4.0",
        "@ethersproject/logger": "^5.4.0",
        "@ethersproject/properties": "^5.4.0",
        "@ethersproject/strings": "^5.4.0"
      }
    },
    "@ethersproject/wordlists": {
      "version": "5.4.0",
      "resolved": "https://registry.npmjs.org/@ethersproject/wordlists/-/wordlists-5.4.0.tgz",
      "integrity": "sha512-FemEkf6a+EBKEPxlzeVgUaVSodU7G0Na89jqKjmWMlDB0tomoU8RlEMgUvXyqtrg8N4cwpLh8nyRnm1Nay1isA==",
      "requires": {
        "@ethersproject/bytes": "^5.4.0",
        "@ethersproject/hash": "^5.4.0",
        "@ethersproject/logger": "^5.4.0",
        "@ethersproject/properties": "^5.4.0",
        "@ethersproject/strings": "^5.4.0"
      }
    },
    "@types/node": {
      "version": "16.7.10",
      "resolved": "https://registry.npmjs.org/@types/node/-/node-16.7.10.tgz",
      "integrity": "sha512-S63Dlv4zIPb8x6MMTgDq5WWRJQe56iBEY0O3SOFA9JrRienkOVDXSXBjjJw6HTNQYSE2JI6GMCR6LVbIMHJVvA==",
      "dev": true
    },
    "aes-js": {
      "version": "3.0.0",
      "resolved": "https://registry.npmjs.org/aes-js/-/aes-js-3.0.0.tgz",
      "integrity": "sha1-4h3xCtbCBTKVvLuNq0Cwnb6ofk0="
    },
    "ansi-styles": {
      "version": "3.2.1",
      "resolved": "https://registry.npmjs.org/ansi-styles/-/ansi-styles-3.2.1.tgz",
      "integrity": "sha512-VT0ZI6kZRdTh8YyJw3SMbYm/u+NqfsAxEpWO0Pf9sq8/e94WxxOpPKx9FR1FlyCtOVDNOQ+8ntlqFxiRc+r5qA==",
      "dev": true,
      "requires": {
        "color-convert": "^1.9.0"
      }
    },
    "argparse": {
      "version": "1.0.10",
      "resolved": "https://registry.npmjs.org/argparse/-/argparse-1.0.10.tgz",
      "integrity": "sha512-o5Roy6tNG4SL/FOkCAN6RzjiakZS25RLYFrcMttJqbdd8BWrnA+fGz57iN5Pb06pvBGvl5gQ0B48dJlslXvoTg==",
      "dev": true,
      "requires": {
        "sprintf-js": "~1.0.2"
      }
    },
    "axios": {
      "version": "0.21.4",
      "resolved": "https://registry.npmjs.org/axios/-/axios-0.21.4.tgz",
      "integrity": "sha512-ut5vewkiu8jjGBdqpM44XxjuCjq9LAKeHVmoVfHVzy8eHgxxq8SbAVQNovDA8mVi05kP0Ea/n/UzcSHcTJQfNg==",
      "requires": {
        "follow-redirects": "^1.14.0"
      }
    },
    "balanced-match": {
      "version": "1.0.2",
      "resolved": "https://registry.npmjs.org/balanced-match/-/balanced-match-1.0.2.tgz",
      "integrity": "sha512-3oSeUO0TMV67hN1AmbXsK4yaqU7tjiHlbxRDZOpH0KW9+CeX4bRAaX0Anxt0tx2MrpRpWwQaPwIlISEJhYU5Pw==",
      "dev": true
    },
    "bech32": {
      "version": "1.1.4",
      "resolved": "https://registry.npmjs.org/bech32/-/bech32-1.1.4.tgz",
      "integrity": "sha512-s0IrSOzLlbvX7yp4WBfPITzpAU8sqQcpsmwXDiKwrG4r491vwCO/XpejasRNl0piBMe/DvP4Tz0mIS/X1DPJBQ=="
    },
    "bn.js": {
      "version": "4.12.0",
      "resolved": "https://registry.npmjs.org/bn.js/-/bn.js-4.12.0.tgz",
      "integrity": "sha512-c98Bf3tPniI+scsdk237ku1Dc3ujXQTSgyiPUDEOe7tRkhrqridvh8klBv0HCEso1OLOYcHuCv/cS6DNxKH+ZA=="
    },
    "brace-expansion": {
      "version": "1.1.11",
      "resolved": "https://registry.npmjs.org/brace-expansion/-/brace-expansion-1.1.11.tgz",
      "integrity": "sha512-iCuPHDFgrHX7H2vEI/5xpz07zSHB00TpugqhmYtVmMO6518mCuRMoOYFldEBl0g187ufozdaHgWKcYFb61qGiA==",
      "dev": true,
      "requires": {
        "balanced-match": "^1.0.0",
        "concat-map": "0.0.1"
      }
    },
    "brorand": {
      "version": "1.1.0",
      "resolved": "https://registry.npmjs.org/brorand/-/brorand-1.1.0.tgz",
      "integrity": "sha1-EsJe/kCkXjwyPrhnWgoM5XsiNx8="
    },
    "builtin-modules": {
      "version": "1.1.1",
      "resolved": "https://registry.npmjs.org/builtin-modules/-/builtin-modules-1.1.1.tgz",
      "integrity": "sha1-Jw8HbFpywC9bZaR9+Uxf46J4iS8=",
      "dev": true
    },
    "chalk": {
      "version": "2.4.2",
      "resolved": "https://registry.npmjs.org/chalk/-/chalk-2.4.2.tgz",
      "integrity": "sha512-Mti+f9lpJNcwF4tWV8/OrTTtF1gZi+f8FqlyAdouralcFWFQWF2+NgCHShjkCb+IFBLq9buZwE1xckQU4peSuQ==",
      "dev": true,
      "requires": {
        "ansi-styles": "^3.2.1",
        "escape-string-regexp": "^1.0.5",
        "supports-color": "^5.3.0"
      }
    },
    "color-convert": {
      "version": "1.9.3",
      "resolved": "https://registry.npmjs.org/color-convert/-/color-convert-1.9.3.tgz",
      "integrity": "sha512-QfAUtd+vFdAtFQcC8CCyYt1fYWxSqAiK2cSD6zDB8N3cpsEBAvRxp9zOGg6G/SHHJYAT88/az/IuDGALsNVbGg==",
      "dev": true,
      "requires": {
        "color-name": "1.1.3"
      }
    },
    "color-name": {
      "version": "1.1.3",
      "resolved": "https://registry.npmjs.org/color-name/-/color-name-1.1.3.tgz",
      "integrity": "sha1-p9BVi9icQveV3UIyj3QIMcpTvCU=",
      "dev": true
    },
    "commander": {
      "version": "2.20.3",
      "resolved": "https://registry.npmjs.org/commander/-/commander-2.20.3.tgz",
      "integrity": "sha512-GpVkmM8vF2vQUkj2LvZmD35JxeJOLCwJ9cUkugyk2nuhbv3+mJvpLYYt+0+USMxE+oj+ey/lJEnhZw75x/OMcQ==",
      "dev": true
    },
    "concat-map": {
      "version": "0.0.1",
      "resolved": "https://registry.npmjs.org/concat-map/-/concat-map-0.0.1.tgz",
      "integrity": "sha1-2Klr13/Wjfd5OnMDajug1UBdR3s=",
      "dev": true
    },
    "diff": {
      "version": "4.0.2",
      "resolved": "https://registry.npmjs.org/diff/-/diff-4.0.2.tgz",
      "integrity": "sha512-58lmxKSA4BNyLz+HHMUzlOEpg09FV+ev6ZMe3vJihgdxzgcwZ8VoEEPmALCZG9LmqfVoNMMKpttIYTVG6uDY7A==",
      "dev": true
    },
    "elliptic": {
      "version": "6.5.4",
      "resolved": "https://registry.npmjs.org/elliptic/-/elliptic-6.5.4.tgz",
      "integrity": "sha512-iLhC6ULemrljPZb+QutR5TQGB+pdW6KGD5RSegS+8sorOZT+rdQFbsQFJgvN3eRqNALqJer4oQ16YvJHlU8hzQ==",
      "requires": {
        "bn.js": "^4.11.9",
        "brorand": "^1.1.0",
        "hash.js": "^1.0.0",
        "hmac-drbg": "^1.0.1",
        "inherits": "^2.0.4",
        "minimalistic-assert": "^1.0.1",
        "minimalistic-crypto-utils": "^1.0.1"
      }
    },
    "escape-string-regexp": {
      "version": "1.0.5",
      "resolved": "https://registry.npmjs.org/escape-string-regexp/-/escape-string-regexp-1.0.5.tgz",
      "integrity": "sha1-G2HAViGQqN/2rjuyzwIAyhMLhtQ=",
      "dev": true
    },
    "esprima": {
      "version": "4.0.1",
      "resolved": "https://registry.npmjs.org/esprima/-/esprima-4.0.1.tgz",
      "integrity": "sha512-eGuFFw7Upda+g4p+QHvnW0RyTX/SVeJBDM/gCtMARO0cLuT2HcEKnTPvhjV6aGeqrCB/sbNop0Kszm0jsaWU4A==",
      "dev": true
    },
    "ethers": {
      "version": "5.4.6",
      "resolved": "https://registry.npmjs.org/ethers/-/ethers-5.4.6.tgz",
      "integrity": "sha512-F7LXARyB/Px3AQC6/QKedWZ8eqCkgOLORqL4B/F0Mag/K+qJSFGqsR36EaOZ6fKg3ZonI+pdbhb4A8Knt/43jQ==",
      "requires": {
        "@ethersproject/abi": "5.4.1",
        "@ethersproject/abstract-provider": "5.4.1",
        "@ethersproject/abstract-signer": "5.4.1",
        "@ethersproject/address": "5.4.0",
        "@ethersproject/base64": "5.4.0",
        "@ethersproject/basex": "5.4.0",
        "@ethersproject/bignumber": "5.4.1",
        "@ethersproject/bytes": "5.4.0",
        "@ethersproject/constants": "5.4.0",
        "@ethersproject/contracts": "5.4.1",
        "@ethersproject/hash": "5.4.0",
        "@ethersproject/hdnode": "5.4.0",
        "@ethersproject/json-wallets": "5.4.0",
        "@ethersproject/keccak256": "5.4.0",
        "@ethersproject/logger": "5.4.1",
        "@ethersproject/networks": "5.4.2",
        "@ethersproject/pbkdf2": "5.4.0",
        "@ethersproject/properties": "5.4.1",
        "@ethersproject/providers": "5.4.5",
        "@ethersproject/random": "5.4.0",
        "@ethersproject/rlp": "5.4.0",
        "@ethersproject/sha2": "5.4.0",
        "@ethersproject/signing-key": "5.4.0",
        "@ethersproject/solidity": "5.4.0",
        "@ethersproject/strings": "5.4.0",
        "@ethersproject/transactions": "5.4.0",
        "@ethersproject/units": "5.4.0",
        "@ethersproject/wallet": "5.4.0",
        "@ethersproject/web": "5.4.0",
        "@ethersproject/wordlists": "5.4.0"
      }
    },
    "follow-redirects": {
      "version": "1.14.3",
      "resolved": "https://registry.npmjs.org/follow-redirects/-/follow-redirects-1.14.3.tgz",
      "integrity": "sha512-3MkHxknWMUtb23apkgz/83fDoe+y+qr0TdgacGIA7bew+QLBo3vdgEN2xEsuXNivpFy4CyDhBBZnNZOtalmenw=="
    },
    "fs.realpath": {
      "version": "1.0.0",
      "resolved": "https://registry.npmjs.org/fs.realpath/-/fs.realpath-1.0.0.tgz",
      "integrity": "sha1-FQStJSMVjKpA20onh8sBQRmU6k8=",
      "dev": true
    },
    "function-bind": {
      "version": "1.1.1",
      "resolved": "https://registry.npmjs.org/function-bind/-/function-bind-1.1.1.tgz",
      "integrity": "sha512-yIovAzMX49sF8Yl58fSCWJ5svSLuaibPxXQJFLmBObTuCr0Mf1KiPopGM9NiFjiYBCbfaa2Fh6breQ6ANVTI0A==",
      "dev": true
    },
    "glob": {
      "version": "7.1.7",
      "resolved": "https://registry.npmjs.org/glob/-/glob-7.1.7.tgz",
      "integrity": "sha512-OvD9ENzPLbegENnYP5UUfJIirTg4+XwMWGaQfQTY0JenxNvvIKP3U3/tAQSPIu/lHxXYSZmpXlUHeqAIdKzBLQ==",
      "dev": true,
      "requires": {
        "fs.realpath": "^1.0.0",
        "inflight": "^1.0.4",
        "inherits": "2",
        "minimatch": "^3.0.4",
        "once": "^1.3.0",
        "path-is-absolute": "^1.0.0"
      }
    },
    "has": {
      "version": "1.0.3",
      "resolved": "https://registry.npmjs.org/has/-/has-1.0.3.tgz",
      "integrity": "sha512-f2dvO0VU6Oej7RkWJGrehjbzMAjFp5/VKPp5tTpWIV4JHHZK1/BxbFRtf/siA2SWTe09caDmVtYYzWEIbBS4zw==",
      "dev": true,
      "requires": {
        "function-bind": "^1.1.1"
      }
    },
    "has-flag": {
      "version": "3.0.0",
      "resolved": "https://registry.npmjs.org/has-flag/-/has-flag-3.0.0.tgz",
      "integrity": "sha1-tdRU3CGZriJWmfNGfloH87lVuv0=",
      "dev": true
    },
    "hash.js": {
      "version": "1.1.7",
      "resolved": "https://registry.npmjs.org/hash.js/-/hash.js-1.1.7.tgz",
      "integrity": "sha512-taOaskGt4z4SOANNseOviYDvjEJinIkRgmp7LbKP2YTTmVxWBl87s/uzK9r+44BclBSp2X7K1hqeNfz9JbBeXA==",
      "requires": {
        "inherits": "^2.0.3",
        "minimalistic-assert": "^1.0.1"
      }
    },
    "hmac-drbg": {
      "version": "1.0.1",
      "resolved": "https://registry.npmjs.org/hmac-drbg/-/hmac-drbg-1.0.1.tgz",
      "integrity": "sha1-0nRXAQJabHdabFRXk+1QL8DGSaE=",
      "requires": {
        "hash.js": "^1.0.3",
        "minimalistic-assert": "^1.0.0",
        "minimalistic-crypto-utils": "^1.0.1"
      }
    },
    "inflight": {
      "version": "1.0.6",
      "resolved": "https://registry.npmjs.org/inflight/-/inflight-1.0.6.tgz",
      "integrity": "sha1-Sb1jMdfQLQwJvJEKEHW6gWW1bfk=",
      "dev": true,
      "requires": {
        "once": "^1.3.0",
        "wrappy": "1"
      }
    },
    "inherits": {
      "version": "2.0.4",
      "resolved": "https://registry.npmjs.org/inherits/-/inherits-2.0.4.tgz",
      "integrity": "sha512-k/vGaX4/Yla3WzyMCvTQOXYeIHvqOKtnqBduzTHpzpQZzAskKMhZ2K+EnBiSM9zGSoIFeMpXKxa4dYeZIQqewQ=="
    },
    "is-core-module": {
      "version": "2.6.0",
      "resolved": "https://registry.npmjs.org/is-core-module/-/is-core-module-2.6.0.tgz",
      "integrity": "sha512-wShG8vs60jKfPWpF2KZRaAtvt3a20OAn7+IJ6hLPECpSABLcKtFKTTI4ZtH5QcBruBHlq+WsdHWyz0BCZW7svQ==",
      "dev": true,
      "requires": {
        "has": "^1.0.3"
      }
    },
    "js-sha3": {
      "version": "0.5.7",
      "resolved": "https://registry.npmjs.org/js-sha3/-/js-sha3-0.5.7.tgz",
      "integrity": "sha1-DU/9gALVMzqrr0oj7tL2N0yfKOc="
    },
    "js-tokens": {
      "version": "4.0.0",
      "resolved": "https://registry.npmjs.org/js-tokens/-/js-tokens-4.0.0.tgz",
      "integrity": "sha512-RdJUflcE3cUzKiMqQgsCu06FPu9UdIJO0beYbPhHN4k6apgJtifcoCtT9bcxOpYBtpD2kCM6Sbzg4CausW/PKQ==",
      "dev": true
    },
    "js-yaml": {
      "version": "3.14.1",
      "resolved": "https://registry.npmjs.org/js-yaml/-/js-yaml-3.14.1.tgz",
      "integrity": "sha512-okMH7OXXJ7YrN9Ok3/SXrnu4iX9yOk+25nqX4imS2npuvTYDmo/QEZoqwZkYaIDk3jVvBOTOIEgEhaLOynBS9g==",
      "dev": true,
      "requires": {
        "argparse": "^1.0.7",
        "esprima": "^4.0.0"
      }
    },
    "minimalistic-assert": {
      "version": "1.0.1",
      "resolved": "https://registry.npmjs.org/minimalistic-assert/-/minimalistic-assert-1.0.1.tgz",
      "integrity": "sha512-UtJcAD4yEaGtjPezWuO9wC4nwUnVH/8/Im3yEHQP4b67cXlD/Qr9hdITCU1xDbSEXg2XKNaP8jsReV7vQd00/A=="
    },
    "minimalistic-crypto-utils": {
      "version": "1.0.1",
      "resolved": "https://registry.npmjs.org/minimalistic-crypto-utils/-/minimalistic-crypto-utils-1.0.1.tgz",
      "integrity": "sha1-9sAMHAsIIkblxNmd+4x8CDsrWCo="
    },
    "minimatch": {
      "version": "3.0.4",
      "resolved": "https://registry.npmjs.org/minimatch/-/minimatch-3.0.4.tgz",
      "integrity": "sha512-yJHVQEhyqPLUTgt9B83PXu6W3rx4MvvHvSUvToogpwoGDOUQ+yDrR0HRot+yOCdCO7u4hX3pWft6kWBBcqh0UA==",
      "dev": true,
      "requires": {
        "brace-expansion": "^1.1.7"
      }
    },
    "minimist": {
      "version": "1.2.5",
      "resolved": "https://registry.npmjs.org/minimist/-/minimist-1.2.5.tgz",
      "integrity": "sha512-FM9nNUYrRBAELZQT3xeZQ7fmMOBg6nWNmJKTcgsJeaLstP/UODVpGsr5OhXhhXg6f+qtJ8uiZ+PUxkDWcgIXLw==",
      "dev": true
    },
    "mkdirp": {
      "version": "0.5.5",
      "resolved": "https://registry.npmjs.org/mkdirp/-/mkdirp-0.5.5.tgz",
      "integrity": "sha512-NKmAlESf6jMGym1++R0Ra7wvhV+wFW63FaSOFPwRahvea0gMUcGUhVeAg/0BC0wiv9ih5NYPB1Wn1UEI1/L+xQ==",
      "dev": true,
      "requires": {
        "minimist": "^1.2.5"
      }
    },
    "once": {
      "version": "1.4.0",
      "resolved": "https://registry.npmjs.org/once/-/once-1.4.0.tgz",
      "integrity": "sha1-WDsap3WWHUsROsF9nFC6753Xa9E=",
      "dev": true,
      "requires": {
        "wrappy": "1"
      }
    },
    "path-is-absolute": {
      "version": "1.0.1",
      "resolved": "https://registry.npmjs.org/path-is-absolute/-/path-is-absolute-1.0.1.tgz",
      "integrity": "sha1-F0uSaHNVNP+8es5r9TpanhtcX18=",
      "dev": true
    },
    "path-parse": {
      "version": "1.0.7",
      "resolved": "https://registry.npmjs.org/path-parse/-/path-parse-1.0.7.tgz",
      "integrity": "sha512-LDJzPVEEEPR+y48z93A0Ed0yXb8pAByGWo/k5YYdYgpY2/2EsOsksJrq7lOHxryrVOn1ejG6oAp8ahvOIQD8sw==",
      "dev": true
    },
    "prettier": {
      "version": "2.4.0",
      "resolved": "https://registry.npmjs.org/prettier/-/prettier-2.4.0.tgz",
      "integrity": "sha512-DsEPLY1dE5HF3BxCRBmD4uYZ+5DCbvatnolqTqcxEgKVZnL2kUfyu7b8pPQ5+hTBkdhU9SLUmK0/pHb07RE4WQ==",
      "dev": true
    },
    "resolve": {
      "version": "1.20.0",
      "resolved": "https://registry.npmjs.org/resolve/-/resolve-1.20.0.tgz",
      "integrity": "sha512-wENBPt4ySzg4ybFQW2TT1zMQucPK95HSh/nq2CFTZVOGut2+pQvSsgtda4d26YrYcr067wjbmzOG8byDPBX63A==",
      "dev": true,
      "requires": {
        "is-core-module": "^2.2.0",
        "path-parse": "^1.0.6"
      }
    },
    "scrypt-js": {
      "version": "3.0.1",
      "resolved": "https://registry.npmjs.org/scrypt-js/-/scrypt-js-3.0.1.tgz",
      "integrity": "sha512-cdwTTnqPu0Hyvf5in5asVdZocVDTNRmR7XEcJuIzMjJeSHybHl7vpB66AzwTaIg6CLSbtjcxc8fqcySfnTkccA=="
    },
    "semver": {
      "version": "5.7.1",
      "resolved": "https://registry.npmjs.org/semver/-/semver-5.7.1.tgz",
      "integrity": "sha512-sauaDf/PZdVgrLTNYHRtpXa1iRiKcaebiKQ1BJdpQlWH2lCvexQdX55snPFyK7QzpudqbCI0qXFfOasHdyNDGQ==",
      "dev": true
    },
    "sprintf-js": {
      "version": "1.0.3",
      "resolved": "https://registry.npmjs.org/sprintf-js/-/sprintf-js-1.0.3.tgz",
      "integrity": "sha1-BOaSb2YolTVPPdAVIDYzuFcpfiw=",
      "dev": true
    },
    "supports-color": {
      "version": "5.5.0",
      "resolved": "https://registry.npmjs.org/supports-color/-/supports-color-5.5.0.tgz",
      "integrity": "sha512-QjVjwdXIt408MIiAqCX4oUKsgU2EqAGzs2Ppkm4aQYbjm+ZEWEcW4SfFNTr4uMNZma0ey4f5lgLrkB0aX0QMow==",
      "dev": true,
      "requires": {
        "has-flag": "^3.0.0"
      }
    },
    "tslib": {
      "version": "1.14.1",
      "resolved": "https://registry.npmjs.org/tslib/-/tslib-1.14.1.tgz",
      "integrity": "sha512-Xni35NKzjgMrwevysHTCArtLDpPvye8zV/0E4EyYn43P7/7qvQwPh9BGkHewbMulVntbigmcT7rdX3BNo9wRJg==",
      "dev": true
    },
    "tslint": {
      "version": "6.1.3",
      "resolved": "https://registry.npmjs.org/tslint/-/tslint-6.1.3.tgz",
      "integrity": "sha512-IbR4nkT96EQOvKE2PW/djGz8iGNeJ4rF2mBfiYaR/nvUWYKJhLwimoJKgjIFEIDibBtOevj7BqCRL4oHeWWUCg==",
      "dev": true,
      "requires": {
        "@babel/code-frame": "^7.0.0",
        "builtin-modules": "^1.1.1",
        "chalk": "^2.3.0",
        "commander": "^2.12.1",
        "diff": "^4.0.1",
        "glob": "^7.1.1",
        "js-yaml": "^3.13.1",
        "minimatch": "^3.0.4",
        "mkdirp": "^0.5.3",
        "resolve": "^1.3.2",
        "semver": "^5.3.0",
        "tslib": "^1.13.0",
        "tsutils": "^2.29.0"
      }
    },
    "tslint-config-prettier": {
      "version": "1.18.0",
      "resolved": "https://registry.npmjs.org/tslint-config-prettier/-/tslint-config-prettier-1.18.0.tgz",
      "integrity": "sha512-xPw9PgNPLG3iKRxmK7DWr+Ea/SzrvfHtjFt5LBl61gk2UBG/DB9kCXRjv+xyIU1rUtnayLeMUVJBcMX8Z17nDg==",
      "dev": true
    },
    "tsutils": {
      "version": "2.29.0",
      "resolved": "https://registry.npmjs.org/tsutils/-/tsutils-2.29.0.tgz",
      "integrity": "sha512-g5JVHCIJwzfISaXpXE1qvNalca5Jwob6FjI4AoPlqMusJ6ftFE7IkkFoMhVLRgK+4Kx3gkzb8UZK5t5yTTvEmA==",
      "dev": true,
      "requires": {
        "tslib": "^1.8.1"
      }
    },
    "typescript": {
      "version": "4.4.2",
      "resolved": "https://registry.npmjs.org/typescript/-/typescript-4.4.2.tgz",
      "integrity": "sha512-gzP+t5W4hdy4c+68bfcv0t400HVJMMd2+H9B7gae1nQlBzCqvrXX+6GL/b3GAgyTH966pzrZ70/fRjwAtZksSQ==",
      "dev": true
    },
    "wrappy": {
      "version": "1.0.2",
      "resolved": "https://registry.npmjs.org/wrappy/-/wrappy-1.0.2.tgz",
      "integrity": "sha1-tSQ9jz7BqjXxNkYFvA0QNuMKtp8=",
      "dev": true
    },
    "ws": {
      "version": "7.4.6",
      "resolved": "https://registry.npmjs.org/ws/-/ws-7.4.6.tgz",
      "integrity": "sha512-YmhHDO4MzaDLB+M9ym/mDA5z0naX8j7SIlT8f8z+I0VtzsRbekxEutHSme7NPS2qE8StCYQNUnfWdXta/Yu85A=="
    }
  }
}
